{
  "version": "5",
  "specifiers": {
    "jsr:@std/assert@*": "1.0.19",
    "jsr:@std/assert@^1.0.19": "1.0.19",
    "jsr:@std/internal@^1.0.12": "1.0.12",
    "npm:@types/luxon@^3.7.1": "3.7.1",
    "npm:csv-generate@^4.5.0": "4.5.0",
    "npm:fast-xml-parser@*": "5.4.1",
    "npm:fast-xml-parser@^5.4.1": "5.4.1",
    "npm:inversify@^7.11.0": "7.11.0",
    "npm:luxon@*": "3.7.2",
    "npm:luxon@^3.7.2": "3.7.2",
    "npm:zod@^4.3.6": "4.3.6"
  },
  "jsr": {
    "@std/assert@1.0.19": {
      "integrity": "eaada96ee120cb980bc47e040f82814d786fe8162ecc53c91d8df60b8755991e",
      "dependencies": [
        "jsr:@std/internal"
      ]
    },
    "@std/internal@1.0.12": {
      "integrity": "972a634fd5bc34b242024402972cd5143eac68d8dffaca5eaa4dba30ce17b027"
    }
  },
  "npm": {
    "@inversifyjs/common@1.5.2": {
      "integrity": "sha512-WlzR9xGadABS9gtgZQ+luoZ8V6qm4Ii6RQfcfC9Ho2SOlE6ZuemFo7PKJvKI0ikm8cmKbU8hw5UK6E4qovH21w=="
    },
    "@inversifyjs/container@1.15.0_reflect-metadata@0.2.2": {
      "integrity": "sha512-U2xYsPrJTz5za2TExi5lg8qOWf8TEVBpN+pQM7B8BVA2rajtbRE9A66SLRHk8c1eGXmg+0K4Hdki6tWAsSQBUA==",
      "dependencies": [
        "@inversifyjs/common",
        "@inversifyjs/core@9.2.0_reflect-metadata@0.2.2",
        "@inversifyjs/plugin",
        "@inversifyjs/reflect-metadata-utils",
        "reflect-metadata"
      ]
    },
    "@inversifyjs/core@9.2.0": {
      "integrity": "sha512-Nm7BR6KmpgshIHpVQWuEDehqRVb6GBm8LFEuhc2s4kSZWrArZ15RmXQzROLk4m+hkj4kMXgvMm5Qbopot/D6Sg==",
      "dependencies": [
        "@inversifyjs/common",
        "@inversifyjs/prototype-utils",
        "@inversifyjs/reflect-metadata-utils"
      ]
    },
    "@inversifyjs/core@9.2.0_reflect-metadata@0.2.2": {
      "integrity": "sha512-Nm7BR6KmpgshIHpVQWuEDehqRVb6GBm8LFEuhc2s4kSZWrArZ15RmXQzROLk4m+hkj4kMXgvMm5Qbopot/D6Sg==",
      "dependencies": [
        "@inversifyjs/common",
        "@inversifyjs/prototype-utils",
        "@inversifyjs/reflect-metadata-utils"
      ]
    },
    "@inversifyjs/plugin@0.2.0": {
      "integrity": "sha512-R/JAdkTSD819pV1zi0HP54mWHyX+H2m8SxldXRgPQarS3ySV4KPyRdosWcfB8Se0JJZWZLHYiUNiS6JvMWSPjw=="
    },
    "@inversifyjs/prototype-utils@0.1.3": {
      "integrity": "sha512-EzRamZzNgE9Sn3QtZ8NncNa2lpPMZfspqbK6BWFguWnOpK8ymp2TUuH46ruFHZhrHKnknPd7fG22ZV7iF517TQ==",
      "dependencies": [
        "@inversifyjs/common"
      ]
    },
    "@inversifyjs/reflect-metadata-utils@1.4.1_reflect-metadata@0.2.2": {
      "integrity": "sha512-Cp77C4d2wLaHXiUB7iH6Cxb7i1lD/YDuTIHLTDzKINqGSz0DCSoL/Dg2wVkW/6Qx03r/yQMLJ+32Agl32N2X8g==",
      "dependencies": [
        "reflect-metadata"
      ]
    },
    "@types/luxon@3.7.1": {
      "integrity": "sha512-H3iskjFIAn5SlJU7OuxUmTEpebK6TKB8rxZShDslBMZJ5u9S//KM1sbdAisiSrqwLQncVjnpi2OK2J51h+4lsg=="
    },
    "csv-generate@4.5.0": {
      "integrity": "sha512-aQr/vmOKyBSBHNwYhAoXw1+kUsPnMSwmYgpNoo36rIXoG1ecWILnvPGZeQ6oUjzrWknZAD3+jfpqYOBAl4x15A=="
    },
    "fast-xml-builder@1.0.0": {
      "integrity": "sha512-fpZuDogrAgnyt9oDDz+5DBz0zgPdPZz6D4IR7iESxRXElrlGTRkHJ9eEt+SACRJwT0FNFrt71DFQIUFBJfX/uQ=="
    },
    "fast-xml-parser@5.4.1": {
      "integrity": "sha512-BQ30U1mKkvXQXXkAGcuyUA/GA26oEB7NzOtsxCDtyu62sjGw5QraKFhx2Em3WQNjPw9PG6MQ9yuIIgkSDfGu5A==",
      "dependencies": [
        "fast-xml-builder",
        "strnum"
      ],
      "bin": true
    },
    "inversify@7.11.0": {
      "integrity": "sha512-yZDprSSr8TyVeMGI/AOV4ws6gwjX22hj9Z8/oHAVpJORY6WRFTcUzhnZtibBUHEw2U8ArvHcR+i863DplQ3Cwg==",
      "dependencies": [
        "@inversifyjs/common",
        "@inversifyjs/container",
        "@inversifyjs/core@9.2.0"
      ]
    },
    "luxon@3.7.2": {
      "integrity": "sha512-vtEhXh/gNjI9Yg1u4jX/0YVPMvxzHuGgCm6tC5kZyb08yjGWGnqAjGJvcXbqQR2P3MyMEFnRbpcdFS6PBcLqew=="
    },
    "reflect-metadata@0.2.2": {
      "integrity": "sha512-urBwgfrvVP/eAyXx4hluJivBKzuEbSQs9rKWCrCkbSxNv8mxPcUZKeuoF3Uy4mJl3Lwprp6yy5/39VWigZ4K6Q=="
    },
    "strnum@2.1.2": {
      "integrity": "sha512-l63NF9y/cLROq/yqKXSLtcMeeyOfnSQlfMSlzFt/K73oIaD8DGaQWd7Z34X9GPiKqP5rbSh84Hl4bOlLcjiSrQ=="
    },
    "zod@4.3.6": {
      "integrity": "sha512-rftlrkhHZOcjDwkGlnUtZZkvaPHCsDATp4pGpuOOMDaTdDDXF91wuVDJoWoPsKX/3YPQ5fHuF3STjcYyKr+Qhg=="
    }
  },
  "workspace": {
    "dependencies": [
      "npm:@types/luxon@^3.7.1",
      "npm:luxon@^3.7.2",
      "npm:zod@^4.3.6"
    ],
    "members": {
      "lib": {
        "dependencies": [
          "jsr:@std/assert@^1.0.19",
          "npm:@types/luxon@^3.7.1",
          "npm:csv-generate@^4.5.0",
          "npm:fast-xml-parser@^5.4.1",
          "npm:inversify@^7.11.0",
          "npm:luxon@^3.7.2"
        ]
      },
      "notebooks": {
        "dependencies": [
          "npm:@types/luxon@^3.7.1",
          "npm:fast-xml-parser@^5.4.1",
          "npm:luxon@^3.7.2"
        ]
      }
    }
  }
}
